// !$*UTF8*$!
{
	archiveVersion = 1;
	classes = {
	};
	objectVersion = 46;
	objects = {

/* Begin PBXBuildFile section */
		0DB51F3941609AFFAD975F10 /* Pods_iOSExample.framework in Frameworks */ = {isa = PBXBuildFile; fileRef = A92430951F3DB0AE436C9019 /* Pods_iOSExample.framework */; };
		C5371AAE1F76133700415F9E /* main.m in Sources */ = {isa = PBXBuildFile; fileRef = C5371AAD1F76133700415F9E /* main.m */; };
		C5371AB11F76133700415F9E /* AppDelegate.m in Sources */ = {isa = PBXBuildFile; fileRef = C5371AB01F76133700415F9E /* AppDelegate.m */; };
		C5371AB41F76133700415F9E /* ViewController.m in Sources */ = {isa = PBXBuildFile; fileRef = C5371AB31F76133700415F9E /* ViewController.m */; };
		C5371AB71F76133700415F9E /* Main.storyboard in Resources */ = {isa = PBXBuildFile; fileRef = C5371AB51F76133700415F9E /* Main.storyboard */; };
		C5371AB91F76133700415F9E /* Assets.xcassets in Resources */ = {isa = PBXBuildFile; fileRef = C5371AB81F76133700415F9E /* Assets.xcassets */; };
		C5371ABC1F76133700415F9E /* LaunchScreen.storyboard in Resources */ = {isa = PBXBuildFile; fileRef = C5371ABA1F76133700415F9E /* LaunchScreen.storyboard */; };
		C5AD3DAB1F761D90000D4E11 /* MCWebSocket.framework in Frameworks */ = {isa = PBXBuildFile; fileRef = C5AD3DAA1F761D90000D4E11 /* MCWebSocket.framework */; };
/* End PBXBuildFile section */

/* Begin PBXFileReference section */
		84416D30E5E9FCD0B6D8BAEF /* Pods-iOSExample.debug.xcconfig */ = {isa = PBXFileReference; includeInIndex = 1; lastKnownFileType = text.xcconfig; name = "Pods-iOSExample.debug.xcconfig"; path = "../Pods/Target Support Files/Pods-iOSExample/Pods-iOSExample.debug.xcconfig"; sourceTree = "<group>"; };
		A92430951F3DB0AE436C9019 /* Pods_iOSExample.framework */ = {isa = PBXFileReference; explicitFileType = wrapper.framework; includeInIndex = 0; path = Pods_iOSExample.framework; sourceTree = BUILT_PRODUCTS_DIR; };
		C5371AA91F76133700415F9E /* iOSExample.app */ = {isa = PBXFileReference; explicitFileType = wrapper.application; includeInIndex = 0; path = iOSExample.app; sourceTree = BUILT_PRODUCTS_DIR; };
		C5371AAD1F76133700415F9E /* main.m */ = {isa = PBXFileReference; lastKnownFileType = sourcecode.c.objc; path = main.m; sourceTree = "<group>"; };
		C5371AAF1F76133700415F9E /* AppDelegate.h */ = {isa = PBXFileReference; lastKnownFileType = sourcecode.c.h; path = AppDelegate.h; sourceTree = "<group>"; };
		C5371AB01F76133700415F9E /* AppDelegate.m */ = {isa = PBXFileReference; lastKnownFileType = sourcecode.c.objc; path = AppDelegate.m; sourceTree = "<group>"; };
		C5371AB21F76133700415F9E /* ViewController.h */ = {isa = PBXFileReference; lastKnownFileType = sourcecode.c.h; path = ViewController.h; sourceTree = "<group>"; };
		C5371AB31F76133700415F9E /* ViewController.m */ = {isa = PBXFileReference; lastKnownFileType = sourcecode.c.objc; path = ViewController.m; sourceTree = "<group>"; };
		C5371AB61F76133700415F9E /* Base */ = {isa = PBXFileReference; lastKnownFileType = file.storyboard; name = Base; path = Base.lproj/Main.storyboard; sourceTree = "<group>"; };
		C5371AB81F76133700415F9E /* Assets.xcassets */ = {isa = PBXFileReference; lastKnownFileType = folder.assetcatalog; path = Assets.xcassets; sourceTree = "<group>"; };
		C5371ABB1F76133700415F9E /* Base */ = {isa = PBXFileReference; lastKnownFileType = file.storyboard; name = Base; path = Base.lproj/LaunchScreen.storyboard; sourceTree = "<group>"; };
		C5371ABD1F76133700415F9E /* Info.plist */ = {isa = PBXFileReference; lastKnownFileType = text.plist.xml; path = Info.plist; sourceTree = "<group>"; };
		C5AD3DAA1F761D90000D4E11 /* MCWebSocket.framework */ = {isa = PBXFileReference; lastKnownFileType = wrapper.framework; name = MCWebSocket.framework; path = "../../../../Library/Developer/Xcode/DerivedData/MCWebSocket-ffnhystibjfdoggjrhrbggjefxux/Build/Products/Debug-iphonesimulator/MCWebSocket.framework"; sourceTree = "<group>"; };
		E47F902676456DE07DA2496D /* Pods-iOSExample.release.xcconfig */ = {isa = PBXFileReference; includeInIndex = 1; lastKnownFileType = text.xcconfig; name = "Pods-iOSExample.release.xcconfig"; path = "../Pods/Target Support Files/Pods-iOSExample/Pods-iOSExample.release.xcconfig"; sourceTree = "<group>"; };
/* End PBXFileReference section */

/* Begin PBXFrameworksBuildPhase section */
		C5371AA61F76133700415F9E /* Frameworks */ = {
			isa = PBXFrameworksBuildPhase;
			buildActionMask = 2147483647;
			files = (
				C5AD3DAB1F761D90000D4E11 /* MCWebSocket.framework in Frameworks */,
				0DB51F3941609AFFAD975F10 /* Pods_iOSExample.framework in Frameworks */,
			);
			runOnlyForDeploymentPostprocessing = 0;
		};
/* End PBXFrameworksBuildPhase section */

/* Begin PBXGroup section */
		316B11E336E5548E810D653E /* Pods */ = {
			isa = PBXGroup;
			children = (
				84416D30E5E9FCD0B6D8BAEF /* Pods-iOSExample.debug.xcconfig */,
				E47F902676456DE07DA2496D /* Pods-iOSExample.release.xcconfig */,
			);
			name = Pods;
			sourceTree = "<group>";
		};
		C5371AA01F76133700415F9E = {
			isa = PBXGroup;
			children = (
				C5371AAB1F76133700415F9E /* iOSExample */,
				C5371AAA1F76133700415F9E /* Products */,
				C558065D1F7617BA0025CD52 /* Frameworks */,
				316B11E336E5548E810D653E /* Pods */,
			);
			sourceTree = "<group>";
		};
		C5371AAA1F76133700415F9E /* Products */ = {
			isa = PBXGroup;
			children = (
				C5371AA91F76133700415F9E /* iOSExample.app */,
			);
			name = Products;
			sourceTree = "<group>";
		};
		C5371AAB1F76133700415F9E /* iOSExample */ = {
			isa = PBXGroup;
			children = (
				C5371AAF1F76133700415F9E /* AppDelegate.h */,
				C5371AB01F76133700415F9E /* AppDelegate.m */,
				C5371AB21F76133700415F9E /* ViewController.h */,
				C5371AB31F76133700415F9E /* ViewController.m */,
				C5371AB51F76133700415F9E /* Main.storyboard */,
				C5371AB81F76133700415F9E /* Assets.xcassets */,
				C5371ABA1F76133700415F9E /* LaunchScreen.storyboard */,
				C5371ABD1F76133700415F9E /* Info.plist */,
				C5371AAC1F76133700415F9E /* Supporting Files */,
			);
			path = iOSExample;
			sourceTree = "<group>";
		};
		C5371AAC1F76133700415F9E /* Supporting Files */ = {
			isa = PBXGroup;
			children = (
				C5371AAD1F76133700415F9E /* main.m */,
			);
			name = "Supporting Files";
			sourceTree = "<group>";
		};
		C558065D1F7617BA0025CD52 /* Frameworks */ = {
			isa = PBXGroup;
			children = (
				C5AD3DAA1F761D90000D4E11 /* MCWebSocket.framework */,
				A92430951F3DB0AE436C9019 /* Pods_iOSExample.framework */,
			);
			name = Frameworks;
			sourceTree = "<group>";
		};
/* End PBXGroup section */

/* Begin PBXNativeTarget section */
		C5371AA81F76133700415F9E /* iOSExample */ = {
			isa = PBXNativeTarget;
			buildConfigurationList = C5371AC01F76133700415F9E /* Build configuration list for PBXNativeTarget "iOSExample" */;
			buildPhases = (
				0289EDE224F4EC45852F1F9D /* [CP] Check Pods Manifest.lock */,
				C5371AA51F76133700415F9E /* Sources */,
				C5371AA61F76133700415F9E /* Frameworks */,
				C5371AA71F76133700415F9E /* Resources */,
				B3DE63D4C8310C8DF3C9A9B0 /* [CP] Embed Pods Frameworks */,
				6114AFFA6E5CEE741C851EEA /* [CP] Copy Pods Resources */,
			);
			buildRules = (
			);
			dependencies = (
			);
			name = iOSExample;
			productName = iOSExample;
			productReference = C5371AA91F76133700415F9E /* iOSExample.app */;
			productType = "com.apple.product-type.application";
		};
/* End PBXNativeTarget section */

/* Begin PBXProject section */
		C5371AA11F76133700415F9E /* Project object */ = {
			isa = PBXProject;
			attributes = {
				CLASSPREFIX = WS;
				LastUpgradeCheck = 0830;
				ORGANIZATIONNAME = mylcode;
				TargetAttributes = {
					C5371AA81F76133700415F9E = {
						CreatedOnToolsVersion = 8.3.3;
						ProvisioningStyle = Automatic;
					};
				};
			};
			buildConfigurationList = C5371AA41F76133700415F9E /* Build configuration list for PBXProject "iOSExample" */;
			compatibilityVersion = "Xcode 3.2";
			developmentRegion = English;
			hasScannedForEncodings = 0;
			knownRegions = (
				en,
				Base,
			);
			mainGroup = C5371AA01F76133700415F9E;
			productRefGroup = C5371AAA1F76133700415F9E /* Products */;
			projectDirPath = "";
			projectRoot = "";
			targets = (
				C5371AA81F76133700415F9E /* iOSExample */,
			);
		};
/* End PBXProject section */

/* Begin PBXResourcesBuildPhase section */
		C5371AA71F76133700415F9E /* Resources */ = {
			isa = PBXResourcesBuildPhase;
			buildActionMask = 2147483647;
			files = (
				C5371ABC1F76133700415F9E /* LaunchScreen.storyboard in Resources */,
				C5371AB91F76133700415F9E /* Assets.xcassets in Resources */,
				C5371AB71F76133700415F9E /* Main.storyboard in Resources */,
			);
			runOnlyForDeploymentPostprocessing = 0;
		};
/* End PBXResourcesBuildPhase section */

/* Begin PBXShellScriptBuildPhase section */
		0289EDE224F4EC45852F1F9D /* [CP] Check Pods Manifest.lock */ = {
			isa = PBXShellScriptBuildPhase;
			buildActionMask = 2147483647;
			files = (
			);
			inputPaths = (
				"${PODS_PODFILE_DIR_PATH}/Podfile.lock",
				"${PODS_ROOT}/Manifest.lock",
			);
			name = "[CP] Check Pods Manifest.lock";
			outputPaths = (
				"$(DERIVED_FILE_DIR)/Pods-iOSExample-checkManifestLockResult.txt",
			);
			runOnlyForDeploymentPostprocessing = 0;
			shellPath = /bin/sh;
			shellScript = "diff \"${PODS_PODFILE_DIR_PATH}/Podfile.lock\" \"${PODS_ROOT}/Manifest.lock\" > /dev/null\nif [ $? != 0 ] ; then\n    # print error to STDERR\n    echo \"error: The sandbox is not in sync with the Podfile.lock. Run 'pod install' or update your CocoaPods installation.\" >&2\n    exit 1\nfi\n# This output is used by Xcode 'outputs' to avoid re-running this script phase.\necho \"SUCCESS\" > \"${SCRIPT_OUTPUT_FILE_0}\"\n";
			showEnvVarsInLog = 0;
		};
		6114AFFA6E5CEE741C851EEA /* [CP] Copy Pods Resources */ = {
			isa = PBXShellScriptBuildPhase;
			buildActionMask = 2147483647;
			files = (
			);
			inputPaths = (
			);
			name = "[CP] Copy Pods Resources";
			outputPaths = (
			);
			runOnlyForDeploymentPostprocessing = 0;
			shellPath = /bin/sh;
			shellScript = "\"${SRCROOT}/../Pods/Target Support Files/Pods-iOSExample/Pods-iOSExample-resources.sh\"\n";
			showEnvVarsInLog = 0;
		};
		B3DE63D4C8310C8DF3C9A9B0 /* [CP] Embed Pods Frameworks */ = {
			isa = PBXShellScriptBuildPhase;
			buildActionMask = 2147483647;
			files = (
			);
			inputPaths = (
				"${SRCROOT}/../Pods/Target Support Files/Pods-iOSExample/Pods-iOSExample-frameworks.sh",
				"${BUILT_PRODUCTS_DIR}/CocoaAsyncSocket/CocoaAsyncSocket.framework",
				"${BUILT_PRODUCTS_DIR}/SocketRocket/SocketRocket.framework",
			);
			name = "[CP] Embed Pods Frameworks";
			outputPaths = (
				"${TARGET_BUILD_DIR}/${FRAMEWORKS_FOLDER_PATH}/CocoaAsyncSocket.framework",
				"${TARGET_BUILD_DIR}/${FRAMEWORKS_FOLDER_PATH}/SocketRocket.framework",
			);
			runOnlyForDeploymentPostprocessing = 0;
			shellPath = /bin/sh;
			shellScript = "\"${SRCROOT}/../Pods/Target Support Files/Pods-iOSExample/Pods-iOSExample-frameworks.sh\"\n";
			showEnvVarsInLog = 0;
		};
/* End PBXShellScriptBuildPhase section */

/* Begin PBXSourcesBuildPhase section */
		C5371AA51F76133700415F9E /* Sources */ = {
			isa = PBXSourcesBuildPhase;
			buildActionMask = 2147483647;
			files = (
				C5371AB41F76133700415F9E /* ViewController.m in Sources */,
				C5371AB11F76133700415F9E /* AppDelegate.m in Sources */,
				C5371AAE1F76133700415F9E /* main.m in Sources */,
			);
			runOnlyForDeploymentPostprocessing = 0;
		};
/* End PBXSourcesBuildPhase section */

/* Begin PBXVariantGroup section */
		C5371AB51F76133700415F9E /* Main.storyboard */ = {
			isa = PBXVariantGroup;
			children = (
				C5371AB61F76133700415F9E /* Base */,
			);
			name = Main.storyboard;
			sourceTree = "<group>";
		};
		C5371ABA1F76133700415F9E /* LaunchScreen.storyboard */ = {
			isa = PBXVariantGroup;
			children = (
				C5371ABB1F76133700415F9E /* Base */,
			);
			name = LaunchScreen.storyboard;
			sourceTree = "<group>";
		};
/* End PBXVariantGroup section */

/* Begin XCBuildConfiguration section */
		C5371ABE1F76133700415F9E /* Debug */ = {
			isa = XCBuildConfiguration;
			buildSettings = {
				ALWAYS_SEARCH_USER_PATHS = NO;
				CLANG_ANALYZER_NONNULL = YES;
				CLANG_ANALYZER_NUMBER_OBJECT_CONVERSION = YES_AGGRESSIVE;
				CLANG_CXX_LANGUAGE_STANDARD = "gnu++0x";
				CLANG_CXX_LIBRARY = "libc++";
				CLANG_ENABLE_MODULES = YES;
				CLANG_ENABLE_OBJC_ARC = YES;
				CLANG_WARN_BOOL_CONVERSION = YES;
				CLANG_WARN_CONSTANT_CONVERSION = YES;
				CLANG_WARN_DIRECT_OBJC_ISA_USAGE = YES_ERROR;
				CLANG_WARN_DOCUMENTATION_COMMENTS = YES;
				CLANG_WARN_EMPTY_BODY = YES;
				CLANG_WARN_ENUM_CONVERSION = YES;
				CLANG_WARN_INFINITE_RECURSION = YES;
				CLANG_WARN_INT_CONVERSION = YES;
				CLANG_WARN_OBJC_ROOT_CLASS = YES_ERROR;
				CLANG_WARN_SUSPICIOUS_MOVE = YES;
				CLANG_WARN_UNREACHABLE_CODE = YES;
				CLANG_WARN__DUPLICATE_METHOD_MATCH = YES;
				"CODE_SIGN_IDENTITY[sdk=iphoneos*]" = "iPhone Developer";
				COPY_PHASE_STRIP = NO;
				DEBUG_INFORMATION_FORMAT = dwarf;
				ENABLE_STRICT_OBJC_MSGSEND = YES;
				ENABLE_TESTABILITY = YES;
				GCC_C_LANGUAGE_STANDARD = gnu99;
				GCC_DYNAMIC_NO_PIC = NO;
				GCC_NO_COMMON_BLOCKS = YES;
				GCC_OPTIMIZATION_LEVEL = 0;
				GCC_PREPROCESSOR_DEFINITIONS = (
					"DEBUG=1",
					"$(inherited)",
				);
				GCC_WARN_64_TO_32_BIT_CONVERSION = YES;
				GCC_WARN_ABOUT_RETURN_TYPE = YES_ERROR;
				GCC_WARN_UNDECLARED_SELECTOR = YES;
				GCC_WARN_UNINITIALIZED_AUTOS = YES_AGGRESSIVE;
				GCC_WARN_UNUSED_FUNCTION = YES;
				GCC_WARN_UNUSED_VARIABLE = YES;
				IPHONEOS_DEPLOYMENT_TARGET = 8.0;
				MTL_ENABLE_DEBUG_INFO = YES;
				ONLY_ACTIVE_ARCH = YES;
				SDKROOT = iphoneos;
				TARGETED_DEVICE_FAMILY = "1,2";
			};
			name = Debug;
		};
		C5371ABF1F76133700415F9E /* Release */ = {
			isa = XCBuildConfiguration;
			buildSettings = {
				ALWAYS_SEARCH_USER_PATHS = NO;
				CLANG_ANALYZER_NONNULL = YES;
				CLANG_ANALYZER_NUMBER_OBJECT_CONVERSION = YES_AGGRESSIVE;
				CLANG_CXX_LANGUAGE_STANDARD = "gnu++0x";
				CLANG_CXX_LIBRARY = "libc++";
				CLANG_ENABLE_MODULES = YES;
				CLANG_ENABLE_OBJC_ARC = YES;
				CLANG_WARN_BOOL_CONVERSION = YES;
				CLANG_WARN_CONSTANT_CONVERSION = YES;
				CLANG_WARN_DIRECT_OBJC_ISA_USAGE = YES_ERROR;
				CLANG_WARN_DOCUMENTATION_COMMENTS = YES;
				CLANG_WARN_EMPTY_BODY = YES;
				CLANG_WARN_ENUM_CONVERSION = YES;
				CLANG_WARN_INFINITE_RECURSION = YES;
				CLANG_WARN_INT_CONVERSION = YES;
				CLANG_WARN_OBJC_ROOT_CLASS = YES_ERROR;
				CLANG_WARN_SUSPICIOUS_MOVE = YES;
				CLANG_WARN_UNREACHABLE_CODE = YES;
				CLANG_WARN__DUPLICATE_METHOD_MATCH = YES;
				"CODE_SIGN_IDENTITY[sdk=iphoneos*]" = "iPhone Developer";
				COPY_PHASE_STRIP = NO;
				DEBUG_INFORMATION_FORMAT = "dwarf-with-dsym";
				ENABLE_NS_ASSERTIONS = NO;
				ENABLE_STRICT_OBJC_MSGSEND = YES;
				GCC_C_LANGUAGE_STANDARD = gnu99;
				GCC_NO_COMMON_BLOCKS = YES;
				GCC_WARN_64_TO_32_BIT_CONVERSION = YES;
				GCC_WARN_ABOUT_RETURN_TYPE = YES_ERROR;
				GCC_WARN_UNDECLARED_SELECTOR = YES;
				GCC_WARN_UNINITIALIZED_AUTOS = YES_AGGRESSIVE;
				GCC_WARN_UNUSED_FUNCTION = YES;
				GCC_WARN_UNUSED_VARIABLE = YES;
				IPHONEOS_DEPLOYMENT_TARGET = 8.0;
				MTL_ENABLE_DEBUG_INFO = NO;
				SDKROOT = iphoneos;
				TARGETED_DEVICE_FAMILY = "1,2";
				VALIDATE_PRODUCT = YES;
			};
			name = Release;
		};
		C5371AC11F76133700415F9E /* Debug */ = {
			isa = XCBuildConfiguration;
			baseConfigurationReference = 84416D30E5E9FCD0B6D8BAEF /* Pods-iOSExample.debug.xcconfig */;
			buildSettings = {
				ASSETCATALOG_COMPILER_APPICON_NAME = AppIcon;
				INFOPLIST_FILE = iOSExample/Info.plist;
				LD_RUNPATH_SEARCH_PATHS = "$(inherited) @executable_path/Frameworks";
				PRODUCT_BUNDLE_IDENTIFIER = com.mylcode.iOSExample;
				PRODUCT_NAME = "$(TARGET_NAME)";
			};
			name = Debug;
		};
		C5371AC21F76133700415F9E /* Release */ = {
			isa = XCBuildConfiguration;
			baseConfigurationReference = E47F902676456DE07DA2496D /* Pods-iOSExample.release.xcconfig */;
			buildSettings = {
				ASSETCATALOG_COMPILER_APPICON_NAME = AppIcon;
				INFOPLIST_FILE = iOSExample/Info.plist;
				LD_RUNPATH_SEARCH_PATHS = "$(inherited) @executable_path/Frameworks";
				PRODUCT_BUNDLE_IDENTIFIER = com.mylcode.iOSExample;
				PRODUCT_NAME = "$(TARGET_NAME)";
			};
			name = Release;
		};
/* End XCBuildConfiguration section */

/* Begin XCConfigurationList section */
		C5371AA41F76133700415F9E /* Build configuration list for PBXProject "iOSExample" */ = {
			isa = XCConfigurationList;
			buildConfigurations = (
				C5371ABE1F76133700415F9E /* Debug */,
				C5371ABF1F76133700415F9E /* Release */,
			);
			defaultConfigurationIsVisible = 0;
			defaultConfigurationName = Release;
		};
		C5371AC01F76133700415F9E /* Build configuration list for PBXNativeTarget "iOSExample" */ = {
			isa = XCConfigurationList;
			buildConfigurations = (
				C5371AC11F76133700415F9E /* Debug */,
				C5371AC21F76133700415F9E /* Release */,
			);
			defaultConfigurationIsVisible = 0;
			defaultConfigurationName = Release;
		};
/* End XCConfigurationList section */
	};
	rootObject = C5371AA11F76133700415F9E /* Project object */;
}
